<?xml version="1.0" encoding="utf-8"?>
<Project ToolsVersion="4.0" xmlns="http://schemas.microsoft.com/developer/msbuild/2003">
  <ItemGroup>
    <Filter Include="nvse">
      <UniqueIdentifier>{92a4f350-f2ec-4fca-bdd3-927732d91b34}</UniqueIdentifier>
    </Filter>
    <Filter Include="external">
      <UniqueIdentifier>{0495beab-da06-4b05-b7c7-6644ad0ba1bd}</UniqueIdentifier>
    </Filter>
    <Filter Include="internal">
      <UniqueIdentifier>{f0d6764c-1d63-4ccc-86d0-606a84dea818}</UniqueIdentifier>
    </Filter>
    <Filter Include="internal\Bethesda">
      <UniqueIdentifier>{e37de0a3-b15e-4601-a86e-5b17ec11dfd6}</UniqueIdentifier>
    </Filter>
    <Filter Include="internal\Gamebryo">
      <UniqueIdentifier>{edcd48b5-7641-47b5-8b67-7f18eabab7c5}</UniqueIdentifier>
    </Filter>
  </ItemGroup>
  <ItemGroup>
    <ClCompile Include="..\nvse\nvse\SafeWrite.cpp">
      <Filter>nvse</Filter>
    </ClCompile>
    <ClCompile Include="dllmain.c" />
    <ClCompile Include="main.cpp" />
    <ClCompile Include="internal\Bethesda\BSBatchRenderer.cpp">
      <Filter>internal\Bethesda</Filter>
    </ClCompile>
  </ItemGroup>
  <ItemGroup>
    <ClInclude Include="..\nvse\nvse\SafeWrite.h">
      <Filter>nvse</Filter>
    </ClInclude>
    <ClInclude Include="..\nlohmann\json.hpp">
      <Filter>external</Filter>
    </ClInclude>
    <ClInclude Include="internal\Defines.hpp">
      <Filter>internal</Filter>
    </ClInclude>
    <ClInclude Include="internal\Bethesda\BSBatchRenderer.hpp">
      <Filter>internal\Bethesda</Filter>
    </ClInclude>
    <ClInclude Include="internal\Gamebryo\NiDX9Renderer.hpp">
      <Filter>internal\Gamebryo</Filter>
    </ClInclude>
  </ItemGroup>
  <ItemGroup>
    <None Include="exports.def" />
  </ItemGroup>
</Project>